
Microsoft Visual Studio Solution File, Format Version 12.00
# Visual Studio Version 17
VisualStudioVersion = 17.2.32630.192
MinimumVisualStudioVersion = 10.0.40219.1
Project("{FAE04EC0-301F-11D3-BF4B-00C04F79EFBC}") = "LatestAPITest", "LatestAPITest.csproj", "{4068B4A8-E7BC-4129-9AB8-705C89CE600F}"
EndProject
Global
	GlobalSection(SolutionConfigurationPlatforms) = preSolution
		Debug|Any CPU = Debug|Any CPU
		Release|Any CPU = Release|Any CPU
	EndGlobalSection
	GlobalSection(ProjectConfigurationPlatforms) = postSolution
		{4068B4A8-E7BC-4129-9AB8-705C89CE600F}.Debug|Any CPU.ActiveCfg = Debug|Any CPU
		{4068B4A8-E7BC-4129-9AB8-705C89CE600F}.Debug|Any CPU.Build.0 = Debug|Any CPU
		{4068B4A8-E7BC-4129-9AB8-705C89CE600F}.Release|Any CPU.ActiveCfg = Release|Any CPU
		{4068B4A8-E7BC-4129-9AB8-705C89CE600F}.Release|Any CPU.Build.0 = Release|Any CPU
	EndGlobalSection
	GlobalSection(SolutionProperties) = preSolution
		HideSolutionNode = FALSE
	EndGlobalSection
	GlobalSection(ExtensibilityGlobals) = postSolution
		SolutionGuid = {634322BC-A246-4D64-9251-76CFF2508087}
	EndGlobalSection
EndGlobal
