
Microsoft Visual Studio Solution File, Format Version 12.00
# Visual Studio Version 17
VisualStudioVersion = 17.2.32630.192
MinimumVisualStudioVersion = 10.0.40219.1
Project("{FAE04EC0-301F-11D3-BF4B-00C04F79EFBC}") = "WebApplication2", "WebApplication2.csproj", "{7DB697D1-D4A1-4495-8C07-322EABE3F506}"
EndProject
Global
	GlobalSection(SolutionConfigurationPlatforms) = preSolution
		Debug|Any CPU = Debug|Any CPU
		Release|Any CPU = Release|Any CPU
	EndGlobalSection
	GlobalSection(ProjectConfigurationPlatforms) = postSolution
		{7DB697D1-D4A1-4495-8C07-322EABE3F506}.Debug|Any CPU.ActiveCfg = Debug|Any CPU
		{7DB697D1-D4A1-4495-8C07-322EABE3F506}.Debug|Any CPU.Build.0 = Debug|Any CPU
		{7DB697D1-D4A1-4495-8C07-322EABE3F506}.Release|Any CPU.ActiveCfg = Release|Any CPU
		{7DB697D1-D4A1-4495-8C07-322EABE3F506}.Release|Any CPU.Build.0 = Release|Any CPU
	EndGlobalSection
	GlobalSection(SolutionProperties) = preSolution
		HideSolutionNode = FALSE
	EndGlobalSection
	GlobalSection(ExtensibilityGlobals) = postSolution
		SolutionGuid = {BBA37ECF-9E33-48F5-ADA5-BDAC75290986}
	EndGlobalSection
EndGlobal
